
Microsoft Visual Studio Solution File, Format Version 12.00
# Visual Studio 15
VisualStudioVersion = 15.0.28307.1022
MinimumVisualStudioVersion = 10.0.40219.1
Project("{FAE04EC0-301F-11D3-BF4B-00C04F79EFBC}") = "AlphabotWPFClient", "AlphabotWPFClient\AlphabotWPFClient.csproj", "{08783AF9-7832-48BF-9210-8D2D84754621}"
EndProject
Global
	GlobalSection(SolutionConfigurationPlatforms) = preSolution
		Debug|Any CPU = Debug|Any CPU
		Release|Any CPU = Release|Any CPU
	EndGlobalSection
	GlobalSection(ProjectConfigurationPlatforms) = postSolution
		{08783AF9-7832-48BF-9210-8D2D84754621}.Debug|Any CPU.ActiveCfg = Debug|Any CPU
		{08783AF9-7832-48BF-9210-8D2D84754621}.Debug|Any CPU.Build.0 = Debug|Any CPU
		{08783AF9-7832-48BF-9210-8D2D84754621}.Release|Any CPU.ActiveCfg = Release|Any CPU
		{08783AF9-7832-48BF-9210-8D2D84754621}.Release|Any CPU.Build.0 = Release|Any CPU
	EndGlobalSection
	GlobalSection(SolutionProperties) = preSolution
		HideSolutionNode = FALSE
	EndGlobalSection
	GlobalSection(ExtensibilityGlobals) = postSolution
		SolutionGuid = {E09B4359-78BD-4B20-84C6-38E883A294C4}
	EndGlobalSection
EndGlobal
