
Microsoft Visual Studio Solution File, Format Version 12.00
# Visual Studio Version 16
VisualStudioVersion = 16.0.31129.286
MinimumVisualStudioVersion = 10.0.40219.1
Project("{9A19103F-16F7-4668-BE54-9A1E7A4F7556}") = "XamarinClient", "XamarinClient\XamarinClient.csproj", "{E86B1835-E131-458B-AF40-86224B281912}"
EndProject
Project("{FAE04EC0-301F-11D3-BF4B-00C04F79EFBC}") = "XamarinClient.Android", "XamarinClient.Android\XamarinClient.Android.csproj", "{CE1046EC-1850-457E-9179-BB5FB4AD1A25}"
EndProject
Project("{FAE04EC0-301F-11D3-BF4B-00C04F79EFBC}") = "XamarinClient.UWP", "XamarinClient.UWP\XamarinClient.UWP.csproj", "{BFAC1FC9-8CAD-48BA-A13E-F2ADD1A7626F}"
EndProject
Global
	GlobalSection(SolutionConfigurationPlatforms) = preSolution
		Debug|Any CPU = Debug|Any CPU
		Debug|ARM = Debug|ARM
		Debug|x64 = Debug|x64
		Debug|x86 = Debug|x86
		Release|Any CPU = Release|Any CPU
		Release|ARM = Release|ARM
		Release|x64 = Release|x64
		Release|x86 = Release|x86
	EndGlobalSection
	GlobalSection(ProjectConfigurationPlatforms) = postSolution
		{E86B1835-E131-458B-AF40-86224B281912}.Debug|Any CPU.ActiveCfg = Debug|Any CPU
		{E86B1835-E131-458B-AF40-86224B281912}.Debug|Any CPU.Build.0 = Debug|Any CPU
		{E86B1835-E131-458B-AF40-86224B281912}.Debug|ARM.ActiveCfg = Debug|Any CPU
		{E86B1835-E131-458B-AF40-86224B281912}.Debug|ARM.Build.0 = Debug|Any CPU
		{E86B1835-E131-458B-AF40-86224B281912}.Debug|x64.ActiveCfg = Debug|Any CPU
		{E86B1835-E131-458B-AF40-86224B281912}.Debug|x64.Build.0 = Debug|Any CPU
		{E86B1835-E131-458B-AF40-86224B281912}.Debug|x86.ActiveCfg = Debug|Any CPU
		{E86B1835-E131-458B-AF40-86224B281912}.Debug|x86.Build.0 = Debug|Any CPU
		{E86B1835-E131-458B-AF40-86224B281912}.Release|Any CPU.ActiveCfg = Release|Any CPU
		{E86B1835-E131-458B-AF40-86224B281912}.Release|Any CPU.Build.0 = Release|Any CPU
		{E86B1835-E131-458B-AF40-86224B281912}.Release|ARM.ActiveCfg = Release|Any CPU
		{E86B1835-E131-458B-AF40-86224B281912}.Release|ARM.Build.0 = Release|Any CPU
		{E86B1835-E131-458B-AF40-86224B281912}.Release|x64.ActiveCfg = Release|Any CPU
		{E86B1835-E131-458B-AF40-86224B281912}.Release|x64.Build.0 = Release|Any CPU
		{E86B1835-E131-458B-AF40-86224B281912}.Release|x86.ActiveCfg = Release|Any CPU
		{E86B1835-E131-458B-AF40-86224B281912}.Release|x86.Build.0 = Release|Any CPU
		{CE1046EC-1850-457E-9179-BB5FB4AD1A25}.Debug|Any CPU.ActiveCfg = Debug|Any CPU
		{CE1046EC-1850-457E-9179-BB5FB4AD1A25}.Debug|Any CPU.Build.0 = Debug|Any CPU
		{CE1046EC-1850-457E-9179-BB5FB4AD1A25}.Debug|Any CPU.Deploy.0 = Debug|Any CPU
		{CE1046EC-1850-457E-9179-BB5FB4AD1A25}.Debug|ARM.ActiveCfg = Debug|Any CPU
		{CE1046EC-1850-457E-9179-BB5FB4AD1A25}.Debug|ARM.Build.0 = Debug|Any CPU
		{CE1046EC-1850-457E-9179-BB5FB4AD1A25}.Debug|ARM.Deploy.0 = Debug|Any CPU
		{CE1046EC-1850-457E-9179-BB5FB4AD1A25}.Debug|x64.ActiveCfg = Debug|Any CPU
		{CE1046EC-1850-457E-9179-BB5FB4AD1A25}.Debug|x64.Build.0 = Debug|Any CPU
		{CE1046EC-1850-457E-9179-BB5FB4AD1A25}.Debug|x64.Deploy.0 = Debug|Any CPU
		{CE1046EC-1850-457E-9179-BB5FB4AD1A25}.Debug|x86.ActiveCfg = Debug|Any CPU
		{CE1046EC-1850-457E-9179-BB5FB4AD1A25}.Debug|x86.Build.0 = Debug|Any CPU
		{CE1046EC-1850-457E-9179-BB5FB4AD1A25}.Debug|x86.Deploy.0 = Debug|Any CPU
		{CE1046EC-1850-457E-9179-BB5FB4AD1A25}.Release|Any CPU.ActiveCfg = Release|Any CPU
		{CE1046EC-1850-457E-9179-BB5FB4AD1A25}.Release|Any CPU.Build.0 = Release|Any CPU
		{CE1046EC-1850-457E-9179-BB5FB4AD1A25}.Release|Any CPU.Deploy.0 = Release|Any CPU
		{CE1046EC-1850-457E-9179-BB5FB4AD1A25}.Release|ARM.ActiveCfg = Release|Any CPU
		{CE1046EC-1850-457E-9179-BB5FB4AD1A25}.Release|ARM.Build.0 = Release|Any CPU
		{CE1046EC-1850-457E-9179-BB5FB4AD1A25}.Release|ARM.Deploy.0 = Release|Any CPU
		{CE1046EC-1850-457E-9179-BB5FB4AD1A25}.Release|x64.ActiveCfg = Release|Any CPU
		{CE1046EC-1850-457E-9179-BB5FB4AD1A25}.Release|x64.Build.0 = Release|Any CPU
		{CE1046EC-1850-457E-9179-BB5FB4AD1A25}.Release|x64.Deploy.0 = Release|Any CPU
		{CE1046EC-1850-457E-9179-BB5FB4AD1A25}.Release|x86.ActiveCfg = Release|Any CPU
		{CE1046EC-1850-457E-9179-BB5FB4AD1A25}.Release|x86.Build.0 = Release|Any CPU
		{CE1046EC-1850-457E-9179-BB5FB4AD1A25}.Release|x86.Deploy.0 = Release|Any CPU
		{BFAC1FC9-8CAD-48BA-A13E-F2ADD1A7626F}.Debug|Any CPU.ActiveCfg = Debug|x86
		{BFAC1FC9-8CAD-48BA-A13E-F2ADD1A7626F}.Debug|Any CPU.Build.0 = Debug|x86
		{BFAC1FC9-8CAD-48BA-A13E-F2ADD1A7626F}.Debug|Any CPU.Deploy.0 = Debug|x86
		{BFAC1FC9-8CAD-48BA-A13E-F2ADD1A7626F}.Debug|ARM.ActiveCfg = Debug|ARM
		{BFAC1FC9-8CAD-48BA-A13E-F2ADD1A7626F}.Debug|ARM.Build.0 = Debug|ARM
		{BFAC1FC9-8CAD-48BA-A13E-F2ADD1A7626F}.Debug|ARM.Deploy.0 = Debug|ARM
		{BFAC1FC9-8CAD-48BA-A13E-F2ADD1A7626F}.Debug|x64.ActiveCfg = Debug|x64
		{BFAC1FC9-8CAD-48BA-A13E-F2ADD1A7626F}.Debug|x64.Build.0 = Debug|x64
		{BFAC1FC9-8CAD-48BA-A13E-F2ADD1A7626F}.Debug|x64.Deploy.0 = Debug|x64
		{BFAC1FC9-8CAD-48BA-A13E-F2ADD1A7626F}.Debug|x86.ActiveCfg = Debug|x86
		{BFAC1FC9-8CAD-48BA-A13E-F2ADD1A7626F}.Debug|x86.Build.0 = Debug|x86
		{BFAC1FC9-8CAD-48BA-A13E-F2ADD1A7626F}.Debug|x86.Deploy.0 = Debug|x86
		{BFAC1FC9-8CAD-48BA-A13E-F2ADD1A7626F}.Release|Any CPU.ActiveCfg = Release|x86
		{BFAC1FC9-8CAD-48BA-A13E-F2ADD1A7626F}.Release|Any CPU.Build.0 = Release|x86
		{BFAC1FC9-8CAD-48BA-A13E-F2ADD1A7626F}.Release|Any CPU.Deploy.0 = Release|x86
		{BFAC1FC9-8CAD-48BA-A13E-F2ADD1A7626F}.Release|ARM.ActiveCfg = Release|ARM
		{BFAC1FC9-8CAD-48BA-A13E-F2ADD1A7626F}.Release|ARM.Build.0 = Release|ARM
		{BFAC1FC9-8CAD-48BA-A13E-F2ADD1A7626F}.Release|ARM.Deploy.0 = Release|ARM
		{BFAC1FC9-8CAD-48BA-A13E-F2ADD1A7626F}.Release|x64.ActiveCfg = Release|x64
		{BFAC1FC9-8CAD-48BA-A13E-F2ADD1A7626F}.Release|x64.Build.0 = Release|x64
		{BFAC1FC9-8CAD-48BA-A13E-F2ADD1A7626F}.Release|x64.Deploy.0 = Release|x64
		{BFAC1FC9-8CAD-48BA-A13E-F2ADD1A7626F}.Release|x86.ActiveCfg = Release|x86
		{BFAC1FC9-8CAD-48BA-A13E-F2ADD1A7626F}.Release|x86.Build.0 = Release|x86
		{BFAC1FC9-8CAD-48BA-A13E-F2ADD1A7626F}.Release|x86.Deploy.0 = Release|x86
	EndGlobalSection
	GlobalSection(SolutionProperties) = preSolution
		HideSolutionNode = FALSE
	EndGlobalSection
	GlobalSection(ExtensibilityGlobals) = postSolution
		SolutionGuid = {7EFED682-F098-4393-A98E-38F750D44274}
	EndGlobalSection
EndGlobal
